PODS:
  - RMSwiftSideController (0.1.2)

DEPENDENCIES:
  - RMSwiftSideController (from `../`)

EXTERNAL SOURCES:
  RMSwiftSideController:
    :path: "../"

SPEC CHECKSUMS:
  RMSwiftSideController: 7c8f06abafa0db32eb7cebaca9d105a5641f3e38

PODFILE CHECKSUM: 56538ae9c47638a130c1b57216bcb7da5b38582b

COCOAPODS: 1.2.0
